<?xml version="1.0" encoding="utf-8"?>
<Project ToolsVersion="4.0" xmlns="http://schemas.microsoft.com/developer/msbuild/2003">
  <ItemGroup>
    <Filter Include="Файлы исходного кода">
      <UniqueIdentifier>{4FC737F1-C7A5-4376-A066-2A32D752A2FF}</UniqueIdentifier>
      <Extensions>cpp;c;cc;cxx;def;odl;idl;hpj;bat;asm;asmx</Extensions>
    </Filter>
    <Filter Include="Заголовочные файлы">
      <UniqueIdentifier>{93995380-89BD-4b04-88EB-625FBE52EBFB}</UniqueIdentifier>
      <Extensions>h;hh;hpp;hxx;hm;inl;inc;xsd</Extensions>
    </Filter>
    <Filter Include="Файлы ресурсов">
      <UniqueIdentifier>{67DA6AB6-F800-4c08-8B7A-83BB121AAD01}</UniqueIdentifier>
      <Extensions>rc;ico;cur;bmp;dlg;rc2;rct;bin;rgs;gif;jpg;jpeg;jpe;resx;tiff;tif;png;wav;mfcribbon-ms</Extensions>
    </Filter>
    <Filter Include="Файлы исходного кода\mlp">
      <UniqueIdentifier>{57cbb9f6-3d88-4842-9ee4-75ff9df16c19}</UniqueIdentifier>
    </Filter>
    <Filter Include="Файлы исходного кода\math_test">
      <UniqueIdentifier>{34217fab-0e57-46c4-b170-e7c5694fc7e6}</UniqueIdentifier>
    </Filter>
    <Filter Include="Файлы исходного кода\letters_test">
      <UniqueIdentifier>{2fa41f17-0cf9-4240-b226-31a669cd4fc0}</UniqueIdentifier>
    </Filter>
    <Filter Include="Заголовочные файлы\mlp">
      <UniqueIdentifier>{2ee6ca13-8e94-4e69-9c23-ee99964701b3}</UniqueIdentifier>
    </Filter>
    <Filter Include="Заголовочные файлы\math_test">
      <UniqueIdentifier>{66f39353-ab75-4c61-bfeb-c1280c864d67}</UniqueIdentifier>
    </Filter>
  </ItemGroup>
  <ItemGroup>
    <ClInclude Include="include\areaFunction.h">
      <Filter>Заголовочные файлы\math_test</Filter>
    </ClInclude>
    <ClInclude Include="include\mathTrainingSet.h">
      <Filter>Заголовочные файлы\math_test</Filter>
    </ClInclude>
    <ClInclude Include="include\test_mlp.h">
      <Filter>Заголовочные файлы\math_test</Filter>
    </ClInclude>
    <ClInclude Include="include\mlp.h">
      <Filter>Заголовочные файлы\mlp</Filter>
    </ClInclude>
  </ItemGroup>
  <ItemGroup>
    <ClCompile Include="src\main.cpp">
      <Filter>Файлы исходного кода</Filter>
    </ClCompile>
    <ClCompile Include="src\mlp.cpp">
      <Filter>Файлы исходного кода\mlp</Filter>
    </ClCompile>
    <ClCompile Include="src\areaFunction.cpp">
      <Filter>Файлы исходного кода\math_test</Filter>
    </ClCompile>
    <ClCompile Include="src\mathTrainingSet.cpp">
      <Filter>Файлы исходного кода\math_test</Filter>
    </ClCompile>
    <ClCompile Include="src\test_mlp.cpp">
      <Filter>Файлы исходного кода\math_test</Filter>
    </ClCompile>
    <ClCompile Include="src\lettersTest.cpp">
      <Filter>Файлы исходного кода\letters_test</Filter>
    </ClCompile>
  </ItemGroup>
</Project>